
Microsoft Visual Studio Solution File, Format Version 12.00
# Visual Studio 2013
VisualStudioVersion = 12.0.31101.0
MinimumVisualStudioVersion = 10.0.40219.1
Project("{FAE04EC0-301F-11D3-BF4B-00C04F79EFBC}") = "ProjectMaster2016", "ProjectMaster2016\ProjectMaster2016.csproj", "{3C647412-A262-42DD-9B46-98C7C0F57103}"
EndProject
Project("{2150E333-8FDC-42A3-9474-1A3956D46DE8}") = "Images", "Images", "{6108F519-E668-4A91-BEC3-CF23DB5E8373}"
	ProjectSection(SolutionItems) = preProject
		..\..\..\..\Downloads\minus.png = ..\..\..\..\Downloads\minus.png
		..\..\..\..\Downloads\plus.png = ..\..\..\..\Downloads\plus.png
		..\..\..\..\Downloads\wrench.png = ..\..\..\..\Downloads\wrench.png
	EndProjectSection
EndProject
Global
	GlobalSection(SolutionConfigurationPlatforms) = preSolution
		Debug|Any CPU = Debug|Any CPU
		Release|Any CPU = Release|Any CPU
	EndGlobalSection
	GlobalSection(ProjectConfigurationPlatforms) = postSolution
		{3C647412-A262-42DD-9B46-98C7C0F57103}.Debug|Any CPU.ActiveCfg = Debug|Any CPU
		{3C647412-A262-42DD-9B46-98C7C0F57103}.Debug|Any CPU.Build.0 = Debug|Any CPU
		{3C647412-A262-42DD-9B46-98C7C0F57103}.Release|Any CPU.ActiveCfg = Release|Any CPU
		{3C647412-A262-42DD-9B46-98C7C0F57103}.Release|Any CPU.Build.0 = Release|Any CPU
	EndGlobalSection
	GlobalSection(SolutionProperties) = preSolution
		HideSolutionNode = FALSE
	EndGlobalSection
EndGlobal
